
Microsoft Visual Studio Solution File, Format Version 12.00
# Visual Studio Version 16
VisualStudioVersion = 16.0.29403.142
MinimumVisualStudioVersion = 10.0.40219.1
Project("{9A19103F-16F7-4668-BE54-9A1E7A4F7556}") = "AyncINN", "AyncINN\AyncINN.csproj", "{46721D34-B23F-4B8C-B9AF-69DDEB4C4E69}"
EndProject
Project("{FAE04EC0-301F-11D3-BF4B-00C04F79EFBC}") = "XUnitTestProject1", "XUnitTestProject1\XUnitTestProject1.csproj", "{59CE7F5D-70E3-49E1-AE01-AD553E48F1F6}"
EndProject
Global
	GlobalSection(SolutionConfigurationPlatforms) = preSolution
		Debug|Any CPU = Debug|Any CPU
		Release|Any CPU = Release|Any CPU
	EndGlobalSection
	GlobalSection(ProjectConfigurationPlatforms) = postSolution
		{46721D34-B23F-4B8C-B9AF-69DDEB4C4E69}.Debug|Any CPU.ActiveCfg = Debug|Any CPU
		{46721D34-B23F-4B8C-B9AF-69DDEB4C4E69}.Debug|Any CPU.Build.0 = Debug|Any CPU
		{46721D34-B23F-4B8C-B9AF-69DDEB4C4E69}.Release|Any CPU.ActiveCfg = Release|Any CPU
		{46721D34-B23F-4B8C-B9AF-69DDEB4C4E69}.Release|Any CPU.Build.0 = Release|Any CPU
		{59CE7F5D-70E3-49E1-AE01-AD553E48F1F6}.Debug|Any CPU.ActiveCfg = Debug|Any CPU
		{59CE7F5D-70E3-49E1-AE01-AD553E48F1F6}.Debug|Any CPU.Build.0 = Debug|Any CPU
		{59CE7F5D-70E3-49E1-AE01-AD553E48F1F6}.Release|Any CPU.ActiveCfg = Release|Any CPU
		{59CE7F5D-70E3-49E1-AE01-AD553E48F1F6}.Release|Any CPU.Build.0 = Release|Any CPU
	EndGlobalSection
	GlobalSection(SolutionProperties) = preSolution
		HideSolutionNode = FALSE
	EndGlobalSection
	GlobalSection(ExtensibilityGlobals) = postSolution
		SolutionGuid = {11FE554D-0A39-40A3-A456-3815743960CA}
	EndGlobalSection
EndGlobal
